
Microsoft Visual Studio Solution File, Format Version 12.00
# Visual Studio Version 17
VisualStudioVersion = 17.9.34607.119
MinimumVisualStudioVersion = 10.0.40219.1
Project("{9A19103F-16F7-4668-BE54-9A1E7A4F7556}") = "QuickEntryApp", "QuickEntryApp\QuickEntryApp.csproj", "{C73F1A2C-DB41-439F-9437-426451742450}"
EndProject
Project("{FAE04EC0-301F-11D3-BF4B-00C04F79EFBC}") = "AuthenticationServer", "AuthenticationServer\AuthenticationServer.csproj", "{CF4E1944-4AE0-46DF-A257-241061D210D6}"
EndProject
Global
	GlobalSection(SolutionConfigurationPlatforms) = preSolution
		Debug|Any CPU = Debug|Any CPU
		Release|Any CPU = Release|Any CPU
	EndGlobalSection
	GlobalSection(ProjectConfigurationPlatforms) = postSolution
		{C73F1A2C-DB41-439F-9437-426451742450}.Debug|Any CPU.ActiveCfg = Debug|Any CPU
		{C73F1A2C-DB41-439F-9437-426451742450}.Debug|Any CPU.Build.0 = Debug|Any CPU
		{C73F1A2C-DB41-439F-9437-426451742450}.Release|Any CPU.ActiveCfg = Release|Any CPU
		{C73F1A2C-DB41-439F-9437-426451742450}.Release|Any CPU.Build.0 = Release|Any CPU
		{CF4E1944-4AE0-46DF-A257-241061D210D6}.Debug|Any CPU.ActiveCfg = Debug|Any CPU
		{CF4E1944-4AE0-46DF-A257-241061D210D6}.Debug|Any CPU.Build.0 = Debug|Any CPU
		{CF4E1944-4AE0-46DF-A257-241061D210D6}.Release|Any CPU.ActiveCfg = Release|Any CPU
		{CF4E1944-4AE0-46DF-A257-241061D210D6}.Release|Any CPU.Build.0 = Release|Any CPU
	EndGlobalSection
	GlobalSection(SolutionProperties) = preSolution
		HideSolutionNode = FALSE
	EndGlobalSection
	GlobalSection(ExtensibilityGlobals) = postSolution
		SolutionGuid = {255045DA-55E2-4054-B361-D715E5CB5D1C}
	EndGlobalSection
EndGlobal
